
Microsoft Visual Studio Solution File, Format Version 12.00
# Visual Studio Version 17
VisualStudioVersion = 17.9.34714.143
MinimumVisualStudioVersion = 10.0.40219.1
Project("{9A19103F-16F7-4668-BE54-9A1E7A4F7556}") = "EmployeeDirectory", "EmployeeDirectory\EmployeeDirectory.csproj", "{6AABAC24-3F1B-44E1-8FCB-DE9474BA77E3}"
EndProject
Project("{9A19103F-16F7-4668-BE54-9A1E7A4F7556}") = "EmployeeDirectory.BAL", "EmployeeDirectory.BAL\EmployeeDirectory.BAL.csproj", "{5DC657C1-6930-4B81-A577-C5E2722029A4}"
EndProject
Project("{9A19103F-16F7-4668-BE54-9A1E7A4F7556}") = "EmployeeDirectory.DAL", "EmployeeDirectory.DAL\EmployeeDirectory.DAL.csproj", "{427AE936-0F83-412C-94B4-6668599D75C9}"
EndProject
Global
	GlobalSection(SolutionConfigurationPlatforms) = preSolution
		Debug|Any CPU = Debug|Any CPU
		Release|Any CPU = Release|Any CPU
	EndGlobalSection
	GlobalSection(ProjectConfigurationPlatforms) = postSolution
		{6AABAC24-3F1B-44E1-8FCB-DE9474BA77E3}.Debug|Any CPU.ActiveCfg = Debug|Any CPU
		{6AABAC24-3F1B-44E1-8FCB-DE9474BA77E3}.Debug|Any CPU.Build.0 = Debug|Any CPU
		{6AABAC24-3F1B-44E1-8FCB-DE9474BA77E3}.Release|Any CPU.ActiveCfg = Release|Any CPU
		{6AABAC24-3F1B-44E1-8FCB-DE9474BA77E3}.Release|Any CPU.Build.0 = Release|Any CPU
		{5DC657C1-6930-4B81-A577-C5E2722029A4}.Debug|Any CPU.ActiveCfg = Debug|Any CPU
		{5DC657C1-6930-4B81-A577-C5E2722029A4}.Debug|Any CPU.Build.0 = Debug|Any CPU
		{5DC657C1-6930-4B81-A577-C5E2722029A4}.Release|Any CPU.ActiveCfg = Release|Any CPU
		{5DC657C1-6930-4B81-A577-C5E2722029A4}.Release|Any CPU.Build.0 = Release|Any CPU
		{427AE936-0F83-412C-94B4-6668599D75C9}.Debug|Any CPU.ActiveCfg = Debug|Any CPU
		{427AE936-0F83-412C-94B4-6668599D75C9}.Debug|Any CPU.Build.0 = Debug|Any CPU
		{427AE936-0F83-412C-94B4-6668599D75C9}.Release|Any CPU.ActiveCfg = Release|Any CPU
		{427AE936-0F83-412C-94B4-6668599D75C9}.Release|Any CPU.Build.0 = Release|Any CPU
	EndGlobalSection
	GlobalSection(SolutionProperties) = preSolution
		HideSolutionNode = FALSE
	EndGlobalSection
	GlobalSection(ExtensibilityGlobals) = postSolution
		SolutionGuid = {64E4F5C9-7145-48B0-AE79-90659F3505BA}
	EndGlobalSection
EndGlobal
