
Microsoft Visual Studio Solution File, Format Version 12.00
# Visual Studio Version 17
VisualStudioVersion = 17.9.34714.143
MinimumVisualStudioVersion = 10.0.40219.1
Project("{9A19103F-16F7-4668-BE54-9A1E7A4F7556}") = "EmployeeDirectory", "presentationLayer\EmployeeDirectory.csproj", "{91656345-153C-409B-B76C-E14CF98B6453}"
EndProject
Project("{9A19103F-16F7-4668-BE54-9A1E7A4F7556}") = "EmployeeDirectory.DLL", "DataAccessLayer\EmployeeDirectory.DLL.csproj", "{B5E866CE-E725-4940-A664-7732FF4FA063}"
EndProject
Project("{9A19103F-16F7-4668-BE54-9A1E7A4F7556}") = "EmployeeDirectory.BAL", "BusinessAccessLayer\EmployeeDirectory.BAL.csproj", "{32A16E11-0D0E-4E56-9B42-AF03C62AA3BA}"
EndProject
Global
	GlobalSection(SolutionConfigurationPlatforms) = preSolution
		Debug|Any CPU = Debug|Any CPU
		Release|Any CPU = Release|Any CPU
	EndGlobalSection
	GlobalSection(ProjectConfigurationPlatforms) = postSolution
		{91656345-153C-409B-B76C-E14CF98B6453}.Debug|Any CPU.ActiveCfg = Debug|Any CPU
		{91656345-153C-409B-B76C-E14CF98B6453}.Debug|Any CPU.Build.0 = Debug|Any CPU
		{91656345-153C-409B-B76C-E14CF98B6453}.Release|Any CPU.ActiveCfg = Release|Any CPU
		{91656345-153C-409B-B76C-E14CF98B6453}.Release|Any CPU.Build.0 = Release|Any CPU
		{B5E866CE-E725-4940-A664-7732FF4FA063}.Debug|Any CPU.ActiveCfg = Debug|Any CPU
		{B5E866CE-E725-4940-A664-7732FF4FA063}.Debug|Any CPU.Build.0 = Debug|Any CPU
		{B5E866CE-E725-4940-A664-7732FF4FA063}.Release|Any CPU.ActiveCfg = Release|Any CPU
		{B5E866CE-E725-4940-A664-7732FF4FA063}.Release|Any CPU.Build.0 = Release|Any CPU
		{32A16E11-0D0E-4E56-9B42-AF03C62AA3BA}.Debug|Any CPU.ActiveCfg = Debug|Any CPU
		{32A16E11-0D0E-4E56-9B42-AF03C62AA3BA}.Debug|Any CPU.Build.0 = Debug|Any CPU
		{32A16E11-0D0E-4E56-9B42-AF03C62AA3BA}.Release|Any CPU.ActiveCfg = Release|Any CPU
		{32A16E11-0D0E-4E56-9B42-AF03C62AA3BA}.Release|Any CPU.Build.0 = Release|Any CPU
	EndGlobalSection
	GlobalSection(SolutionProperties) = preSolution
		HideSolutionNode = FALSE
	EndGlobalSection
	GlobalSection(ExtensibilityGlobals) = postSolution
		SolutionGuid = {64E4F5C9-7145-48B0-AE79-90659F3505BA}
	EndGlobalSection
EndGlobal
